
Microsoft Visual Studio Solution File, Format Version 12.00
# Visual Studio Version 16
VisualStudioVersion = 16.0.32228.343
MinimumVisualStudioVersion = 10.0.40219.1
Project("{FAE04EC0-301F-11D3-BF4B-00C04F79EFBC}") = "WiredBrainCoffee.StackApp", "WiredBrainCoffee.StackApp\WiredBrainCoffee.StackApp.csproj", "{E048E31A-8BF8-4A71-92F2-6C9CB8E8069A}"
EndProject
Global
	GlobalSection(SolutionConfigurationPlatforms) = preSolution
		Debug|Any CPU = Debug|Any CPU
		Release|Any CPU = Release|Any CPU
	EndGlobalSection
	GlobalSection(ProjectConfigurationPlatforms) = postSolution
		{E048E31A-8BF8-4A71-92F2-6C9CB8E8069A}.Debug|Any CPU.ActiveCfg = Debug|Any CPU
		{E048E31A-8BF8-4A71-92F2-6C9CB8E8069A}.Debug|Any CPU.Build.0 = Debug|Any CPU
		{E048E31A-8BF8-4A71-92F2-6C9CB8E8069A}.Release|Any CPU.ActiveCfg = Release|Any CPU
		{E048E31A-8BF8-4A71-92F2-6C9CB8E8069A}.Release|Any CPU.Build.0 = Release|Any CPU
	EndGlobalSection
	GlobalSection(SolutionProperties) = preSolution
		HideSolutionNode = FALSE
	EndGlobalSection
	GlobalSection(ExtensibilityGlobals) = postSolution
		SolutionGuid = {15DD2241-1564-475C-B2A9-1603C66EC491}
	EndGlobalSection
EndGlobal
